
Microsoft Visual Studio Solution File, Format Version 12.00
# Visual Studio 2012
Project("{8BC9CEB8-8B4A-11D0-8D11-00A0C91BC942}") = "tut3 - dice", "tut3 - dice.vcxproj", "{1971BFEC-59F8-49E2-A446-3394E811B39A}"
EndProject
Global
	GlobalSection(SolutionConfigurationPlatforms) = preSolution
		Debug|Win32 = Debug|Win32
		Release|Win32 = Release|Win32
	EndGlobalSection
	GlobalSection(ProjectConfigurationPlatforms) = postSolution
		{1971BFEC-59F8-49E2-A446-3394E811B39A}.Debug|Win32.ActiveCfg = Debug|Win32
		{1971BFEC-59F8-49E2-A446-3394E811B39A}.Debug|Win32.Build.0 = Debug|Win32
		{1971BFEC-59F8-49E2-A446-3394E811B39A}.Release|Win32.ActiveCfg = Release|Win32
		{1971BFEC-59F8-49E2-A446-3394E811B39A}.Release|Win32.Build.0 = Release|Win32
	EndGlobalSection
	GlobalSection(SolutionProperties) = preSolution
		HideSolutionNode = FALSE
	EndGlobalSection
EndGlobal
